// !$*UTF8*$!
{
	archiveVersion = 1;
	classes = {
	};
	objectVersion = 46;
	objects = {

/* Begin PBXBuildFile section */
		48E13B491C62EFF40072423D /* AppDelegate.swift in Sources */ = {isa = PBXBuildFile; fileRef = 48E13B481C62EFF40072423D /* AppDelegate.swift */; };
		48E13B4B1C62EFF40072423D /* ViewController.swift in Sources */ = {isa = PBXBuildFile; fileRef = 48E13B4A1C62EFF40072423D /* ViewController.swift */; };
		48E13B4E1C62EFF40072423D /* Main.storyboard in Resources */ = {isa = PBXBuildFile; fileRef = 48E13B4C1C62EFF40072423D /* Main.storyboard */; };
		48E13B501C62EFF40072423D /* Assets.xcassets in Resources */ = {isa = PBXBuildFile; fileRef = 48E13B4F1C62EFF40072423D /* Assets.xcassets */; };
		48E13B531C62EFF40072423D /* LaunchScreen.storyboard in Resources */ = {isa = PBXBuildFile; fileRef = 48E13B511C62EFF40072423D /* LaunchScreen.storyboard */; };
/* End PBXBuildFile section */

/* Begin PBXFileReference section */
		48E13B451C62EFF40072423D /* ZPosition.app */ = {isa = PBXFileReference; explicitFileType = wrapper.application; includeInIndex = 0; path = ZPosition.app; sourceTree = BUILT_PRODUCTS_DIR; };
		48E13B481C62EFF40072423D /* AppDelegate.swift */ = {isa = PBXFileReference; lastKnownFileType = sourcecode.swift; path = AppDelegate.swift; sourceTree = "<group>"; };
		48E13B4A1C62EFF40072423D /* ViewController.swift */ = {isa = PBXFileReference; lastKnownFileType = sourcecode.swift; path = ViewController.swift; sourceTree = "<group>"; };
		48E13B4D1C62EFF40072423D /* Base */ = {isa = PBXFileReference; lastKnownFileType = file.storyboard; name = Base; path = Base.lproj/Main.storyboard; sourceTree = "<group>"; };
		48E13B4F1C62EFF40072423D /* Assets.xcassets */ = {isa = PBXFileReference; lastKnownFileType = folder.assetcatalog; path = Assets.xcassets; sourceTree = "<group>"; };
		48E13B521C62EFF40072423D /* Base */ = {isa = PBXFileReference; lastKnownFileType = file.storyboard; name = Base; path = Base.lproj/LaunchScreen.storyboard; sourceTree = "<group>"; };
		48E13B541C62EFF40072423D /* Info.plist */ = {isa = PBXFileReference; lastKnownFileType = text.plist.xml; path = Info.plist; sourceTree = "<group>"; };
/* End PBXFileReference section */

/* Begin PBXFrameworksBuildPhase section */
		48E13B421C62EFF40072423D /* Frameworks */ = {
			isa = PBXFrameworksBuildPhase;
			buildActionMask = 2147483647;
			files = (
			);
			runOnlyForDeploymentPostprocessing = 0;
		};
/* End PBXFrameworksBuildPhase section */

/* Begin PBXGroup section */
		48E13B3C1C62EFF40072423D = {
			isa = PBXGroup;
			children = (
				48E13B471C62EFF40072423D /* ZPosition */,
				48E13B461C62EFF40072423D /* Products */,
			);
			sourceTree = "<group>";
		};
		48E13B461C62EFF40072423D /* Products */ = {
			isa = PBXGroup;
			children = (
				48E13B451C62EFF40072423D /* ZPosition.app */,
			);
			name = Products;
			sourceTree = "<group>";
		};
		48E13B471C62EFF40072423D /* ZPosition */ = {
			isa = PBXGroup;
			children = (
				48E13B481C62EFF40072423D /* AppDelegate.swift */,
				48E13B4A1C62EFF40072423D /* ViewController.swift */,
				48E13B4C1C62EFF40072423D /* Main.storyboard */,
				48E13B4F1C62EFF40072423D /* Assets.xcassets */,
				48E13B511C62EFF40072423D /* LaunchScreen.storyboard */,
				48E13B541C62EFF40072423D /* Info.plist */,
			);
			path = ZPosition;
			sourceTree = "<group>";
		};
/* End PBXGroup section */

/* Begin PBXNativeTarget section */
		48E13B441C62EFF40072423D /* ZPosition */ = {
			isa = PBXNativeTarget;
			buildConfigurationList = 48E13B571C62EFF40072423D /* Build configuration list for PBXNativeTarget "ZPosition" */;
			buildPhases = (
				48E13B411C62EFF40072423D /* Sources */,
				48E13B421C62EFF40072423D /* Frameworks */,
				48E13B431C62EFF40072423D /* Resources */,
			);
			buildRules = (
			);
			dependencies = (
			);
			name = ZPosition;
			productName = ZPosition;
			productReference = 48E13B451C62EFF40072423D /* ZPosition.app */;
			productType = "com.apple.product-type.application";
		};
/* End PBXNativeTarget section */

/* Begin PBXProject section */
		48E13B3D1C62EFF40072423D /* Project object */ = {
			isa = PBXProject;
			attributes = {
				LastSwiftUpdateCheck = 0720;
				LastUpgradeCheck = 0720;
				ORGANIZATIONNAME = com.Kevin;
				TargetAttributes = {
					48E13B441C62EFF40072423D = {
						CreatedOnToolsVersion = 7.2;
					};
				};
			};
			buildConfigurationList = 48E13B401C62EFF40072423D /* Build configuration list for PBXProject "ZPosition" */;
			compatibilityVersion = "Xcode 3.2";
			developmentRegion = English;
			hasScannedForEncodings = 0;
			knownRegions = (
				en,
				Base,
			);
			mainGroup = 48E13B3C1C62EFF40072423D;
			productRefGroup = 48E13B461C62EFF40072423D /* Products */;
			projectDirPath = "";
			projectRoot = "";
			targets = (
				48E13B441C62EFF40072423D /* ZPosition */,
			);
		};
/* End PBXProject section */

/* Begin PBXResourcesBuildPhase section */
		48E13B431C62EFF40072423D /* Resources */ = {
			isa = PBXResourcesBuildPhase;
			buildActionMask = 2147483647;
			files = (
				48E13B531C62EFF40072423D /* LaunchScreen.storyboard in Resources */,
				48E13B501C62EFF40072423D /* Assets.xcassets in Resources */,
				48E13B4E1C62EFF40072423D /* Main.storyboard in Resources */,
			);
			runOnlyForDeploymentPostprocessing = 0;
		};
/* End PBXResourcesBuildPhase section */

/* Begin PBXSourcesBuildPhase section */
		48E13B411C62EFF40072423D /* Sources */ = {
			isa = PBXSourcesBuildPhase;
			buildActionMask = 2147483647;
			files = (
				48E13B4B1C62EFF40072423D /* ViewController.swift in Sources */,
				48E13B491C62EFF40072423D /* AppDelegate.swift in Sources */,
			);
			runOnlyForDeploymentPostprocessing = 0;
		};
/* End PBXSourcesBuildPhase section */

/* Begin PBXVariantGroup section */
		48E13B4C1C62EFF40072423D /* Main.storyboard */ = {
			isa = PBXVariantGroup;
			children = (
				48E13B4D1C62EFF40072423D /* Base */,
			);
			name = Main.storyboard;
			sourceTree = "<group>";
		};
		48E13B511C62EFF40072423D /* LaunchScreen.storyboard */ = {
			isa = PBXVariantGroup;
			children = (
				48E13B521C62EFF40072423D /* Base */,
			);
			name = LaunchScreen.storyboard;
			sourceTree = "<group>";
		};
/* End PBXVariantGroup section */

/* Begin XCBuildConfiguration section */
		48E13B551C62EFF40072423D /* Debug */ = {
			isa = XCBuildConfiguration;
			buildSettings = {
				ALWAYS_SEARCH_USER_PATHS = NO;
				CLANG_CXX_LANGUAGE_STANDARD = "gnu++0x";
				CLANG_CXX_LIBRARY = "libc++";
				CLANG_ENABLE_MODULES = YES;
				CLANG_ENABLE_OBJC_ARC = YES;
				CLANG_WARN_BOOL_CONVERSION = YES;
				CLANG_WARN_CONSTANT_CONVERSION = YES;
				CLANG_WARN_DIRECT_OBJC_ISA_USAGE = YES_ERROR;
				CLANG_WARN_EMPTY_BODY = YES;
				CLANG_WARN_ENUM_CONVERSION = YES;
				CLANG_WARN_INT_CONVERSION = YES;
				CLANG_WARN_OBJC_ROOT_CLASS = YES_ERROR;
				CLANG_WARN_UNREACHABLE_CODE = YES;
				CLANG_WARN__DUPLICATE_METHOD_MATCH = YES;
				"CODE_SIGN_IDENTITY[sdk=iphoneos*]" = "iPhone Developer";
				COPY_PHASE_STRIP = NO;
				DEBUG_INFORMATION_FORMAT = dwarf;
				ENABLE_STRICT_OBJC_MSGSEND = YES;
				ENABLE_TESTABILITY = YES;
				GCC_C_LANGUAGE_STANDARD = gnu99;
				GCC_DYNAMIC_NO_PIC = NO;
				GCC_NO_COMMON_BLOCKS = YES;
				GCC_OPTIMIZATION_LEVEL = 0;
				GCC_PREPROCESSOR_DEFINITIONS = (
					"DEBUG=1",
					"$(inherited)",
				);
				GCC_WARN_64_TO_32_BIT_CONVERSION = YES;
				GCC_WARN_ABOUT_RETURN_TYPE = YES_ERROR;
				GCC_WARN_UNDECLARED_SELECTOR = YES;
				GCC_WARN_UNINITIALIZED_AUTOS = YES_AGGRESSIVE;
				GCC_WARN_UNUSED_FUNCTION = YES;
				GCC_WARN_UNUSED_VARIABLE = YES;
				IPHONEOS_DEPLOYMENT_TARGET = 9.2;
				MTL_ENABLE_DEBUG_INFO = YES;
				ONLY_ACTIVE_ARCH = YES;
				SDKROOT = iphoneos;
				SWIFT_OPTIMIZATION_LEVEL = "-Onone";
			};
			name = Debug;
		};
		48E13B561C62EFF40072423D /* Release */ = {
			isa = XCBuildConfiguration;
			buildSettings = {
				ALWAYS_SEARCH_USER_PATHS = NO;
				CLANG_CXX_LANGUAGE_STANDARD = "gnu++0x";
				CLANG_CXX_LIBRARY = "libc++";
				CLANG_ENABLE_MODULES = YES;
				CLANG_ENABLE_OBJC_ARC = YES;
				CLANG_WARN_BOOL_CONVERSION = YES;
				CLANG_WARN_CONSTANT_CONVERSION = YES;
				CLANG_WARN_DIRECT_OBJC_ISA_USAGE = YES_ERROR;
				CLANG_WARN_EMPTY_BODY = YES;
				CLANG_WARN_ENUM_CONVERSION = YES;
				CLANG_WARN_INT_CONVERSION = YES;
				CLANG_WARN_OBJC_ROOT_CLASS = YES_ERROR;
				CLANG_WARN_UNREACHABLE_CODE = YES;
				CLANG_WARN__DUPLICATE_METHOD_MATCH = YES;
				"CODE_SIGN_IDENTITY[sdk=iphoneos*]" = "iPhone Developer";
				COPY_PHASE_STRIP = NO;
				DEBUG_INFORMATION_FORMAT = "dwarf-with-dsym";
				ENABLE_NS_ASSERTIONS = NO;
				ENABLE_STRICT_OBJC_MSGSEND = YES;
				GCC_C_LANGUAGE_STANDARD = gnu99;
				GCC_NO_COMMON_BLOCKS = YES;
				GCC_WARN_64_TO_32_BIT_CONVERSION = YES;
				GCC_WARN_ABOUT_RETURN_TYPE = YES_ERROR;
				GCC_WARN_UNDECLARED_SELECTOR = YES;
				GCC_WARN_UNINITIALIZED_AUTOS = YES_AGGRESSIVE;
				GCC_WARN_UNUSED_FUNCTION = YES;
				GCC_WARN_UNUSED_VARIABLE = YES;
				IPHONEOS_DEPLOYMENT_TARGET = 9.2;
				MTL_ENABLE_DEBUG_INFO = NO;
				SDKROOT = iphoneos;
				VALIDATE_PRODUCT = YES;
			};
			name = Release;
		};
		48E13B581C62EFF40072423D /* Debug */ = {
			isa = XCBuildConfiguration;
			buildSettings = {
				ASSETCATALOG_COMPILER_APPICON_NAME = AppIcon;
				INFOPLIST_FILE = ZPosition/Info.plist;
				LD_RUNPATH_SEARCH_PATHS = "$(inherited) @executable_path/Frameworks";
				PRODUCT_BUNDLE_IDENTIFIER = com.Kevin.ZPosition;
				PRODUCT_NAME = "$(TARGET_NAME)";
			};
			name = Debug;
		};
		48E13B591C62EFF40072423D /* Release */ = {
			isa = XCBuildConfiguration;
			buildSettings = {
				ASSETCATALOG_COMPILER_APPICON_NAME = AppIcon;
				INFOPLIST_FILE = ZPosition/Info.plist;
				LD_RUNPATH_SEARCH_PATHS = "$(inherited) @executable_path/Frameworks";
				PRODUCT_BUNDLE_IDENTIFIER = com.Kevin.ZPosition;
				PRODUCT_NAME = "$(TARGET_NAME)";
			};
			name = Release;
		};
/* End XCBuildConfiguration section */

/* Begin XCConfigurationList section */
		48E13B401C62EFF40072423D /* Build configuration list for PBXProject "ZPosition" */ = {
			isa = XCConfigurationList;
			buildConfigurations = (
				48E13B551C62EFF40072423D /* Debug */,
				48E13B561C62EFF40072423D /* Release */,
			);
			defaultConfigurationIsVisible = 0;
			defaultConfigurationName = Release;
		};
		48E13B571C62EFF40072423D /* Build configuration list for PBXNativeTarget "ZPosition" */ = {
			isa = XCConfigurationList;
			buildConfigurations = (
				48E13B581C62EFF40072423D /* Debug */,
				48E13B591C62EFF40072423D /* Release */,
			);
			defaultConfigurationIsVisible = 0;
		};
/* End XCConfigurationList section */
	};
	rootObject = 48E13B3D1C62EFF40072423D /* Project object */;
}
